Microsoft Visual Studio Solution File, Format Version 12.00
# 
Project("{2150E333-8FDC-42A3-9474-1A3956D46DE8}") = "Solution Items", "Solution Items", "{B283EBC2-E01F-412D-9339-FD56EF114549}"
	ProjectSection(SolutionItems) = preProject
		..\..\..\..\Directory.Build.props = ..\..\..\..\Directory.Build.props
		..\..\..\..\Directory.Build.targets = ..\..\..\..\Directory.Build.targets
		..\..\..\..\global.json = ..\..\..\..\global.json
		..\..\..\..\Packages\Versions.Local.props = ..\..\..\..\Packages\Versions.Local.props
	EndProjectSection
EndProject
Project("{FAE04EC0-301F-11D3-BF4B-00C04F79EFBC}") = "Dgmjr.EntityFrameworkCore.Abstractions", "..\Abstractions\Dgmjr.EntityFrameworkCore.Abstractions.csproj", "{09110A84-96C2-4A87-B5FA-CDC505E90C31}"
EndProject
Project("{FAE04EC0-301F-11D3-BF4B-00C04F79EFBC}") = "Dgmjr.EntityFrameworkCore.Constants.All", "..\Constants\All\Dgmjr.EntityFrameworkCore.Constants.All.csproj", "{EAF42F2B-BF0C-42B7-8EC2-F8D92506B5C3}"
EndProject
Project("{FAE04EC0-301F-11D3-BF4B-00C04F79EFBC}") = "Dgmjr.EntityFrameworkCore.Extensions", "..\Extensions\Dgmjr.EntityFrameworkCore.Extensions.csproj", "{1003C2C7-5CD5-4B55-B493-BA915928AF46}"
EndProject
Project("{FAE04EC0-301F-11D3-BF4B-00C04F79EFBC}") = "Dgmjr.EntityFrameworkCore.Migrations", "..\Migrations\Dgmjr.EntityFrameworkCore.Migrations.csproj", "{3345ECBB-69CB-494F-B5A4-AF97AD217F14}"
EndProject
Project("{FAE04EC0-301F-11D3-BF4B-00C04F79EFBC}") = "Dgmjr.EntityFrameworkCore.Models", "..\Models\Dgmjr.EntityFrameworkCore.Models.csproj", "{41B76283-A52A-4D51-A963-1DE036F2936E}"
EndProject
Project("{FAE04EC0-301F-11D3-BF4B-00C04F79EFBC}") = "Dgmjr.EntityFrameworkCore", "Dgmjr.EntityFrameworkCore.csproj", "{84EB42F7-92EF-4F48-80D0-9D1D7A96481A}"
EndProject
Global
	GlobalSection(SolutionConfigurationPlatforms) = preSolution
		Local|Any CPU = Local|Any CPU
		Debug|Any CPU = Debug|Any CPU
		Testing|Any CPU = Testing|Any CPU
		Staging|Any CPU = Staging|Any CPU
		Production|Any CPU = Production|Any CPU
		Release|Any CPU = Release|Any CPU
	EndGlobalSection
	GlobalSection(ProjectConfigurationPlatforms) = postSolution
		{09110A84-96C2-4A87-B5FA-CDC505E90C31}.Local|Any CPU.ActiveCfg = Local|Any CPU
		{09110A84-96C2-4A87-B5FA-CDC505E90C31}.Local|Any CPU.Build.0 = Local|Any CPU
		{09110A84-96C2-4A87-B5FA-CDC505E90C31}.Debug|Any CPU.ActiveCfg = Debug|Any CPU
		{09110A84-96C2-4A87-B5FA-CDC505E90C31}.Debug|Any CPU.Build.0 = Debug|Any CPU
		{09110A84-96C2-4A87-B5FA-CDC505E90C31}.Testing|Any CPU.ActiveCfg = Testing|Any CPU
		{09110A84-96C2-4A87-B5FA-CDC505E90C31}.Testing|Any CPU.Build.0 = Testing|Any CPU
		{09110A84-96C2-4A87-B5FA-CDC505E90C31}.Staging|Any CPU.ActiveCfg = Staging|Any CPU
		{09110A84-96C2-4A87-B5FA-CDC505E90C31}.Staging|Any CPU.Build.0 = Staging|Any CPU
		{09110A84-96C2-4A87-B5FA-CDC505E90C31}.Production|Any CPU.ActiveCfg = Local|Any CPU
		{09110A84-96C2-4A87-B5FA-CDC505E90C31}.Production|Any CPU.Build.0 = Local|Any CPU
		{09110A84-96C2-4A87-B5FA-CDC505E90C31}.Release|Any CPU.ActiveCfg = Release|Any CPU
		{09110A84-96C2-4A87-B5FA-CDC505E90C31}.Release|Any CPU.Build.0 = Release|Any CPU
		{EAF42F2B-BF0C-42B7-8EC2-F8D92506B5C3}.Local|Any CPU.ActiveCfg = Local|Any CPU
		{EAF42F2B-BF0C-42B7-8EC2-F8D92506B5C3}.Local|Any CPU.Build.0 = Local|Any CPU
		{EAF42F2B-BF0C-42B7-8EC2-F8D92506B5C3}.Debug|Any CPU.ActiveCfg = Debug|Any CPU
		{EAF42F2B-BF0C-42B7-8EC2-F8D92506B5C3}.Debug|Any CPU.Build.0 = Debug|Any CPU
		{EAF42F2B-BF0C-42B7-8EC2-F8D92506B5C3}.Testing|Any CPU.ActiveCfg = Testing|Any CPU
		{EAF42F2B-BF0C-42B7-8EC2-F8D92506B5C3}.Testing|Any CPU.Build.0 = Testing|Any CPU
		{EAF42F2B-BF0C-42B7-8EC2-F8D92506B5C3}.Staging|Any CPU.ActiveCfg = Staging|Any CPU
		{EAF42F2B-BF0C-42B7-8EC2-F8D92506B5C3}.Staging|Any CPU.Build.0 = Staging|Any CPU
		{EAF42F2B-BF0C-42B7-8EC2-F8D92506B5C3}.Production|Any CPU.ActiveCfg = Local|Any CPU
		{EAF42F2B-BF0C-42B7-8EC2-F8D92506B5C3}.Production|Any CPU.Build.0 = Local|Any CPU
		{EAF42F2B-BF0C-42B7-8EC2-F8D92506B5C3}.Release|Any CPU.ActiveCfg = Release|Any CPU
		{EAF42F2B-BF0C-42B7-8EC2-F8D92506B5C3}.Release|Any CPU.Build.0 = Release|Any CPU
		{1003C2C7-5CD5-4B55-B493-BA915928AF46}.Local|Any CPU.ActiveCfg = Local|Any CPU
		{1003C2C7-5CD5-4B55-B493-BA915928AF46}.Local|Any CPU.Build.0 = Local|Any CPU
		{1003C2C7-5CD5-4B55-B493-BA915928AF46}.Debug|Any CPU.ActiveCfg = Debug|Any CPU
		{1003C2C7-5CD5-4B55-B493-BA915928AF46}.Debug|Any CPU.Build.0 = Debug|Any CPU
		{1003C2C7-5CD5-4B55-B493-BA915928AF46}.Testing|Any CPU.ActiveCfg = Testing|Any CPU
		{1003C2C7-5CD5-4B55-B493-BA915928AF46}.Testing|Any CPU.Build.0 = Testing|Any CPU
		{1003C2C7-5CD5-4B55-B493-BA915928AF46}.Staging|Any CPU.ActiveCfg = Staging|Any CPU
		{1003C2C7-5CD5-4B55-B493-BA915928AF46}.Staging|Any CPU.Build.0 = Staging|Any CPU
		{1003C2C7-5CD5-4B55-B493-BA915928AF46}.Production|Any CPU.ActiveCfg = Local|Any CPU
		{1003C2C7-5CD5-4B55-B493-BA915928AF46}.Production|Any CPU.Build.0 = Local|Any CPU
		{1003C2C7-5CD5-4B55-B493-BA915928AF46}.Release|Any CPU.ActiveCfg = Release|Any CPU
		{1003C2C7-5CD5-4B55-B493-BA915928AF46}.Release|Any CPU.Build.0 = Release|Any CPU
		{3345ECBB-69CB-494F-B5A4-AF97AD217F14}.Local|Any CPU.ActiveCfg = Local|Any CPU
		{3345ECBB-69CB-494F-B5A4-AF97AD217F14}.Local|Any CPU.Build.0 = Local|Any CPU
		{3345ECBB-69CB-494F-B5A4-AF97AD217F14}.Debug|Any CPU.ActiveCfg = Debug|Any CPU
		{3345ECBB-69CB-494F-B5A4-AF97AD217F14}.Debug|Any CPU.Build.0 = Debug|Any CPU
		{3345ECBB-69CB-494F-B5A4-AF97AD217F14}.Testing|Any CPU.ActiveCfg = Testing|Any CPU
		{3345ECBB-69CB-494F-B5A4-AF97AD217F14}.Testing|Any CPU.Build.0 = Testing|Any CPU
		{3345ECBB-69CB-494F-B5A4-AF97AD217F14}.Staging|Any CPU.ActiveCfg = Staging|Any CPU
		{3345ECBB-69CB-494F-B5A4-AF97AD217F14}.Staging|Any CPU.Build.0 = Staging|Any CPU
		{3345ECBB-69CB-494F-B5A4-AF97AD217F14}.Production|Any CPU.ActiveCfg = Local|Any CPU
		{3345ECBB-69CB-494F-B5A4-AF97AD217F14}.Production|Any CPU.Build.0 = Local|Any CPU
		{3345ECBB-69CB-494F-B5A4-AF97AD217F14}.Release|Any CPU.ActiveCfg = Release|Any CPU
		{3345ECBB-69CB-494F-B5A4-AF97AD217F14}.Release|Any CPU.Build.0 = Release|Any CPU
		{41B76283-A52A-4D51-A963-1DE036F2936E}.Local|Any CPU.ActiveCfg = Local|Any CPU
		{41B76283-A52A-4D51-A963-1DE036F2936E}.Local|Any CPU.Build.0 = Local|Any CPU
		{41B76283-A52A-4D51-A963-1DE036F2936E}.Debug|Any CPU.ActiveCfg = Debug|Any CPU
		{41B76283-A52A-4D51-A963-1DE036F2936E}.Debug|Any CPU.Build.0 = Debug|Any CPU
		{41B76283-A52A-4D51-A963-1DE036F2936E}.Testing|Any CPU.ActiveCfg = Testing|Any CPU
		{41B76283-A52A-4D51-A963-1DE036F2936E}.Testing|Any CPU.Build.0 = Testing|Any CPU
		{41B76283-A52A-4D51-A963-1DE036F2936E}.Staging|Any CPU.ActiveCfg = Staging|Any CPU
		{41B76283-A52A-4D51-A963-1DE036F2936E}.Staging|Any CPU.Build.0 = Staging|Any CPU
		{41B76283-A52A-4D51-A963-1DE036F2936E}.Production|Any CPU.ActiveCfg = Local|Any CPU
		{41B76283-A52A-4D51-A963-1DE036F2936E}.Production|Any CPU.Build.0 = Local|Any CPU
		{41B76283-A52A-4D51-A963-1DE036F2936E}.Release|Any CPU.ActiveCfg = Release|Any CPU
		{41B76283-A52A-4D51-A963-1DE036F2936E}.Release|Any CPU.Build.0 = Release|Any CPU
		{84EB42F7-92EF-4F48-80D0-9D1D7A96481A}.Local|Any CPU.ActiveCfg = Local|Any CPU
		{84EB42F7-92EF-4F48-80D0-9D1D7A96481A}.Local|Any CPU.Build.0 = Local|Any CPU
		{84EB42F7-92EF-4F48-80D0-9D1D7A96481A}.Debug|Any CPU.ActiveCfg = Debug|Any CPU
		{84EB42F7-92EF-4F48-80D0-9D1D7A96481A}.Debug|Any CPU.Build.0 = Debug|Any CPU
		{84EB42F7-92EF-4F48-80D0-9D1D7A96481A}.Testing|Any CPU.ActiveCfg = Testing|Any CPU
		{84EB42F7-92EF-4F48-80D0-9D1D7A96481A}.Testing|Any CPU.Build.0 = Testing|Any CPU
		{84EB42F7-92EF-4F48-80D0-9D1D7A96481A}.Staging|Any CPU.ActiveCfg = Staging|Any CPU
		{84EB42F7-92EF-4F48-80D0-9D1D7A96481A}.Staging|Any CPU.Build.0 = Staging|Any CPU
		{84EB42F7-92EF-4F48-80D0-9D1D7A96481A}.Production|Any CPU.ActiveCfg = Local|Any CPU
		{84EB42F7-92EF-4F48-80D0-9D1D7A96481A}.Production|Any CPU.Build.0 = Local|Any CPU
		{84EB42F7-92EF-4F48-80D0-9D1D7A96481A}.Release|Any CPU.ActiveCfg = Release|Any CPU
		{84EB42F7-92EF-4F48-80D0-9D1D7A96481A}.Release|Any CPU.Build.0 = Release|Any CPU
	EndGlobalSection
	GlobalSection(SolutionProperties) = preSolution
		HideSolutionNode = FALSE
	EndGlobalSection
	GlobalSection(ExtensibilityGlobals) = postSolution
		SolutionGuid = {260FE498-3701-4608-8F83-51A3DF241342}
	EndGlobalSection
EndGlobal
