Microsoft Visual Studio Solution File, Format Version 12.00
# 
Project("{2150E333-8FDC-42A3-9474-1A3956D46DE8}") = "Solution Items", "Solution Items", "{B283EBC2-E01F-412D-9339-FD56EF114549}"
	ProjectSection(SolutionItems) = preProject
		..\..\..\..\Packages\Versions.Local.props = ..\..\..\..\Packages\Versions.Local.props
	EndProjectSection
EndProject
Project("{FAE04EC0-301F-11D3-BF4B-00C04F79EFBC}") = "Dgmjr.EntityFrameworkCore.Abstractions", "..\Abstractions\Dgmjr.EntityFrameworkCore.Abstractions.csproj", "{37F75DA1-F043-480B-870E-9CC2ADCDC06A}"
EndProject
Project("{FAE04EC0-301F-11D3-BF4B-00C04F79EFBC}") = "Dgmjr.EntityFrameworkCore.Constants.All", "..\Constants\All\Dgmjr.EntityFrameworkCore.Constants.All.csproj", "{DA28E9F2-2164-41A1-82F4-F1ADCC68B798}"
EndProject
Project("{FAE04EC0-301F-11D3-BF4B-00C04F79EFBC}") = "Dgmjr.EntityFrameworkCore.Extensions", "..\Extensions\Dgmjr.EntityFrameworkCore.Extensions.csproj", "{1A584F18-6DF4-4389-AA69-AFD7E1C9A5C3}"
EndProject
Project("{FAE04EC0-301F-11D3-BF4B-00C04F79EFBC}") = "Dgmjr.EntityFrameworkCore.Migrations", "..\Migrations\Dgmjr.EntityFrameworkCore.Migrations.csproj", "{8F8754CF-0F7D-444A-B108-C4F5C992B30B}"
EndProject
Project("{FAE04EC0-301F-11D3-BF4B-00C04F79EFBC}") = "Dgmjr.EntityFrameworkCore.Models", "..\Models\Dgmjr.EntityFrameworkCore.Models.csproj", "{E503429E-B597-4CC8-B27E-3CC1641373EA}"
EndProject
Project("{FAE04EC0-301F-11D3-BF4B-00C04F79EFBC}") = "Dgmjr.EntityFrameworkCore", "Dgmjr.EntityFrameworkCore.csproj", "{68CF0512-1277-4FEC-9704-5D965FA48A0E}"
EndProject
Global
	GlobalSection(SolutionConfigurationPlatforms) = preSolution
		Local|Any CPU = Local|Any CPU
		Debug|Any CPU = Debug|Any CPU
		Testing|Any CPU = Testing|Any CPU
		Staging|Any CPU = Staging|Any CPU
		Production|Any CPU = Production|Any CPU
		Release|Any CPU = Release|Any CPU
	EndGlobalSection
	GlobalSection(ProjectConfigurationPlatforms) = postSolution
		{37F75DA1-F043-480B-870E-9CC2ADCDC06A}.Local|Any CPU.ActiveCfg = Local|Any CPU
		{37F75DA1-F043-480B-870E-9CC2ADCDC06A}.Local|Any CPU.Build.0 = Local|Any CPU
		{37F75DA1-F043-480B-870E-9CC2ADCDC06A}.Debug|Any CPU.ActiveCfg = Debug|Any CPU
		{37F75DA1-F043-480B-870E-9CC2ADCDC06A}.Debug|Any CPU.Build.0 = Debug|Any CPU
		{37F75DA1-F043-480B-870E-9CC2ADCDC06A}.Testing|Any CPU.ActiveCfg = Testing|Any CPU
		{37F75DA1-F043-480B-870E-9CC2ADCDC06A}.Testing|Any CPU.Build.0 = Testing|Any CPU
		{37F75DA1-F043-480B-870E-9CC2ADCDC06A}.Staging|Any CPU.ActiveCfg = Staging|Any CPU
		{37F75DA1-F043-480B-870E-9CC2ADCDC06A}.Staging|Any CPU.Build.0 = Staging|Any CPU
		{37F75DA1-F043-480B-870E-9CC2ADCDC06A}.Production|Any CPU.ActiveCfg = Local|Any CPU
		{37F75DA1-F043-480B-870E-9CC2ADCDC06A}.Production|Any CPU.Build.0 = Local|Any CPU
		{37F75DA1-F043-480B-870E-9CC2ADCDC06A}.Release|Any CPU.ActiveCfg = Release|Any CPU
		{37F75DA1-F043-480B-870E-9CC2ADCDC06A}.Release|Any CPU.Build.0 = Release|Any CPU
		{DA28E9F2-2164-41A1-82F4-F1ADCC68B798}.Local|Any CPU.ActiveCfg = Local|Any CPU
		{DA28E9F2-2164-41A1-82F4-F1ADCC68B798}.Local|Any CPU.Build.0 = Local|Any CPU
		{DA28E9F2-2164-41A1-82F4-F1ADCC68B798}.Debug|Any CPU.ActiveCfg = Debug|Any CPU
		{DA28E9F2-2164-41A1-82F4-F1ADCC68B798}.Debug|Any CPU.Build.0 = Debug|Any CPU
		{DA28E9F2-2164-41A1-82F4-F1ADCC68B798}.Testing|Any CPU.ActiveCfg = Testing|Any CPU
		{DA28E9F2-2164-41A1-82F4-F1ADCC68B798}.Testing|Any CPU.Build.0 = Testing|Any CPU
		{DA28E9F2-2164-41A1-82F4-F1ADCC68B798}.Staging|Any CPU.ActiveCfg = Staging|Any CPU
		{DA28E9F2-2164-41A1-82F4-F1ADCC68B798}.Staging|Any CPU.Build.0 = Staging|Any CPU
		{DA28E9F2-2164-41A1-82F4-F1ADCC68B798}.Production|Any CPU.ActiveCfg = Local|Any CPU
		{DA28E9F2-2164-41A1-82F4-F1ADCC68B798}.Production|Any CPU.Build.0 = Local|Any CPU
		{DA28E9F2-2164-41A1-82F4-F1ADCC68B798}.Release|Any CPU.ActiveCfg = Release|Any CPU
		{DA28E9F2-2164-41A1-82F4-F1ADCC68B798}.Release|Any CPU.Build.0 = Release|Any CPU
		{1A584F18-6DF4-4389-AA69-AFD7E1C9A5C3}.Local|Any CPU.ActiveCfg = Local|Any CPU
		{1A584F18-6DF4-4389-AA69-AFD7E1C9A5C3}.Local|Any CPU.Build.0 = Local|Any CPU
		{1A584F18-6DF4-4389-AA69-AFD7E1C9A5C3}.Debug|Any CPU.ActiveCfg = Debug|Any CPU
		{1A584F18-6DF4-4389-AA69-AFD7E1C9A5C3}.Debug|Any CPU.Build.0 = Debug|Any CPU
		{1A584F18-6DF4-4389-AA69-AFD7E1C9A5C3}.Testing|Any CPU.ActiveCfg = Testing|Any CPU
		{1A584F18-6DF4-4389-AA69-AFD7E1C9A5C3}.Testing|Any CPU.Build.0 = Testing|Any CPU
		{1A584F18-6DF4-4389-AA69-AFD7E1C9A5C3}.Staging|Any CPU.ActiveCfg = Staging|Any CPU
		{1A584F18-6DF4-4389-AA69-AFD7E1C9A5C3}.Staging|Any CPU.Build.0 = Staging|Any CPU
		{1A584F18-6DF4-4389-AA69-AFD7E1C9A5C3}.Production|Any CPU.ActiveCfg = Local|Any CPU
		{1A584F18-6DF4-4389-AA69-AFD7E1C9A5C3}.Production|Any CPU.Build.0 = Local|Any CPU
		{1A584F18-6DF4-4389-AA69-AFD7E1C9A5C3}.Release|Any CPU.ActiveCfg = Release|Any CPU
		{1A584F18-6DF4-4389-AA69-AFD7E1C9A5C3}.Release|Any CPU.Build.0 = Release|Any CPU
		{8F8754CF-0F7D-444A-B108-C4F5C992B30B}.Local|Any CPU.ActiveCfg = Local|Any CPU
		{8F8754CF-0F7D-444A-B108-C4F5C992B30B}.Local|Any CPU.Build.0 = Local|Any CPU
		{8F8754CF-0F7D-444A-B108-C4F5C992B30B}.Debug|Any CPU.ActiveCfg = Debug|Any CPU
		{8F8754CF-0F7D-444A-B108-C4F5C992B30B}.Debug|Any CPU.Build.0 = Debug|Any CPU
		{8F8754CF-0F7D-444A-B108-C4F5C992B30B}.Testing|Any CPU.ActiveCfg = Testing|Any CPU
		{8F8754CF-0F7D-444A-B108-C4F5C992B30B}.Testing|Any CPU.Build.0 = Testing|Any CPU
		{8F8754CF-0F7D-444A-B108-C4F5C992B30B}.Staging|Any CPU.ActiveCfg = Staging|Any CPU
		{8F8754CF-0F7D-444A-B108-C4F5C992B30B}.Staging|Any CPU.Build.0 = Staging|Any CPU
		{8F8754CF-0F7D-444A-B108-C4F5C992B30B}.Production|Any CPU.ActiveCfg = Local|Any CPU
		{8F8754CF-0F7D-444A-B108-C4F5C992B30B}.Production|Any CPU.Build.0 = Local|Any CPU
		{8F8754CF-0F7D-444A-B108-C4F5C992B30B}.Release|Any CPU.ActiveCfg = Release|Any CPU
		{8F8754CF-0F7D-444A-B108-C4F5C992B30B}.Release|Any CPU.Build.0 = Release|Any CPU
		{E503429E-B597-4CC8-B27E-3CC1641373EA}.Local|Any CPU.ActiveCfg = Local|Any CPU
		{E503429E-B597-4CC8-B27E-3CC1641373EA}.Local|Any CPU.Build.0 = Local|Any CPU
		{E503429E-B597-4CC8-B27E-3CC1641373EA}.Debug|Any CPU.ActiveCfg = Debug|Any CPU
		{E503429E-B597-4CC8-B27E-3CC1641373EA}.Debug|Any CPU.Build.0 = Debug|Any CPU
		{E503429E-B597-4CC8-B27E-3CC1641373EA}.Testing|Any CPU.ActiveCfg = Testing|Any CPU
		{E503429E-B597-4CC8-B27E-3CC1641373EA}.Testing|Any CPU.Build.0 = Testing|Any CPU
		{E503429E-B597-4CC8-B27E-3CC1641373EA}.Staging|Any CPU.ActiveCfg = Staging|Any CPU
		{E503429E-B597-4CC8-B27E-3CC1641373EA}.Staging|Any CPU.Build.0 = Staging|Any CPU
		{E503429E-B597-4CC8-B27E-3CC1641373EA}.Production|Any CPU.ActiveCfg = Local|Any CPU
		{E503429E-B597-4CC8-B27E-3CC1641373EA}.Production|Any CPU.Build.0 = Local|Any CPU
		{E503429E-B597-4CC8-B27E-3CC1641373EA}.Release|Any CPU.ActiveCfg = Release|Any CPU
		{E503429E-B597-4CC8-B27E-3CC1641373EA}.Release|Any CPU.Build.0 = Release|Any CPU
		{68CF0512-1277-4FEC-9704-5D965FA48A0E}.Local|Any CPU.ActiveCfg = Local|Any CPU
		{68CF0512-1277-4FEC-9704-5D965FA48A0E}.Local|Any CPU.Build.0 = Local|Any CPU
		{68CF0512-1277-4FEC-9704-5D965FA48A0E}.Debug|Any CPU.ActiveCfg = Debug|Any CPU
		{68CF0512-1277-4FEC-9704-5D965FA48A0E}.Debug|Any CPU.Build.0 = Debug|Any CPU
		{68CF0512-1277-4FEC-9704-5D965FA48A0E}.Testing|Any CPU.ActiveCfg = Testing|Any CPU
		{68CF0512-1277-4FEC-9704-5D965FA48A0E}.Testing|Any CPU.Build.0 = Testing|Any CPU
		{68CF0512-1277-4FEC-9704-5D965FA48A0E}.Staging|Any CPU.ActiveCfg = Staging|Any CPU
		{68CF0512-1277-4FEC-9704-5D965FA48A0E}.Staging|Any CPU.Build.0 = Staging|Any CPU
		{68CF0512-1277-4FEC-9704-5D965FA48A0E}.Production|Any CPU.ActiveCfg = Local|Any CPU
		{68CF0512-1277-4FEC-9704-5D965FA48A0E}.Production|Any CPU.Build.0 = Local|Any CPU
		{68CF0512-1277-4FEC-9704-5D965FA48A0E}.Release|Any CPU.ActiveCfg = Release|Any CPU
		{68CF0512-1277-4FEC-9704-5D965FA48A0E}.Release|Any CPU.Build.0 = Release|Any CPU
	EndGlobalSection
	GlobalSection(SolutionProperties) = preSolution
		HideSolutionNode = FALSE
	EndGlobalSection
	GlobalSection(ExtensibilityGlobals) = postSolution
		SolutionGuid = {260FE498-3701-4608-8F83-51A3DF241342}
	EndGlobalSection
EndGlobal
