Microsoft Visual Studio Solution File, Format Version 12.00
# 
Project("{2150E333-8FDC-42A3-9474-1A3956D46DE8}") = "Solution Items", "Solution Items", "{B283EBC2-E01F-412D-9339-FD56EF114549}"
	ProjectSection(SolutionItems) = preProject
		..\..\..\..\..\Directory.Build.props = ..\..\..\..\..\Directory.Build.props
		..\..\..\..\..\Directory.Build.targets = ..\..\..\..\..\Directory.Build.targets
		..\..\..\..\..\global.json = ..\..\..\..\..\global.json
		..\..\..\..\..\Packages\Versions.Local.props = ..\..\..\..\..\Packages\Versions.Local.props
	EndProjectSection
EndProject
Project("{FAE04EC0-301F-11D3-BF4B-00C04F79EFBC}") = "Dgmjr.EntityFrameworkCore.Constants", "..\Constants\Dgmjr.EntityFrameworkCore.Constants.csproj", "{0A53CFE5-DC2B-4FEC-9A27-76556013DDE4}"
EndProject
Project("{FAE04EC0-301F-11D3-BF4B-00C04F79EFBC}") = "Dgmjr.EntityFrameworkCore.Constants.DbTypesNamesAndSchemas", "..\DbTypesNamesAndSchemas\Dgmjr.EntityFrameworkCore.Constants.DbTypesNamesAndSchemas.csproj", "{7C875959-9DA5-49C7-83F7-BFD9E2F40F64}"
EndProject
Project("{FAE04EC0-301F-11D3-BF4B-00C04F79EFBC}") = "Dgmjr.EntityFrameworkCore.Constants.All", "Dgmjr.EntityFrameworkCore.Constants.All.csproj", "{FE158369-3039-4701-A92B-257B3FA4722F}"
EndProject
Global
	GlobalSection(SolutionConfigurationPlatforms) = preSolution
		Local|Any CPU = Local|Any CPU
		Debug|Any CPU = Debug|Any CPU
		Testing|Any CPU = Testing|Any CPU
		Staging|Any CPU = Staging|Any CPU
		Production|Any CPU = Production|Any CPU
		Release|Any CPU = Release|Any CPU
	EndGlobalSection
	GlobalSection(ProjectConfigurationPlatforms) = postSolution
		{0A53CFE5-DC2B-4FEC-9A27-76556013DDE4}.Local|Any CPU.ActiveCfg = Local|Any CPU
		{0A53CFE5-DC2B-4FEC-9A27-76556013DDE4}.Local|Any CPU.Build.0 = Local|Any CPU
		{0A53CFE5-DC2B-4FEC-9A27-76556013DDE4}.Debug|Any CPU.ActiveCfg = Debug|Any CPU
		{0A53CFE5-DC2B-4FEC-9A27-76556013DDE4}.Debug|Any CPU.Build.0 = Debug|Any CPU
		{0A53CFE5-DC2B-4FEC-9A27-76556013DDE4}.Testing|Any CPU.ActiveCfg = Testing|Any CPU
		{0A53CFE5-DC2B-4FEC-9A27-76556013DDE4}.Testing|Any CPU.Build.0 = Testing|Any CPU
		{0A53CFE5-DC2B-4FEC-9A27-76556013DDE4}.Staging|Any CPU.ActiveCfg = Staging|Any CPU
		{0A53CFE5-DC2B-4FEC-9A27-76556013DDE4}.Staging|Any CPU.Build.0 = Staging|Any CPU
		{0A53CFE5-DC2B-4FEC-9A27-76556013DDE4}.Production|Any CPU.ActiveCfg = Local|Any CPU
		{0A53CFE5-DC2B-4FEC-9A27-76556013DDE4}.Production|Any CPU.Build.0 = Local|Any CPU
		{0A53CFE5-DC2B-4FEC-9A27-76556013DDE4}.Release|Any CPU.ActiveCfg = Release|Any CPU
		{0A53CFE5-DC2B-4FEC-9A27-76556013DDE4}.Release|Any CPU.Build.0 = Release|Any CPU
		{7C875959-9DA5-49C7-83F7-BFD9E2F40F64}.Local|Any CPU.ActiveCfg = Local|Any CPU
		{7C875959-9DA5-49C7-83F7-BFD9E2F40F64}.Local|Any CPU.Build.0 = Local|Any CPU
		{7C875959-9DA5-49C7-83F7-BFD9E2F40F64}.Debug|Any CPU.ActiveCfg = Debug|Any CPU
		{7C875959-9DA5-49C7-83F7-BFD9E2F40F64}.Debug|Any CPU.Build.0 = Debug|Any CPU
		{7C875959-9DA5-49C7-83F7-BFD9E2F40F64}.Testing|Any CPU.ActiveCfg = Testing|Any CPU
		{7C875959-9DA5-49C7-83F7-BFD9E2F40F64}.Testing|Any CPU.Build.0 = Testing|Any CPU
		{7C875959-9DA5-49C7-83F7-BFD9E2F40F64}.Staging|Any CPU.ActiveCfg = Staging|Any CPU
		{7C875959-9DA5-49C7-83F7-BFD9E2F40F64}.Staging|Any CPU.Build.0 = Staging|Any CPU
		{7C875959-9DA5-49C7-83F7-BFD9E2F40F64}.Production|Any CPU.ActiveCfg = Local|Any CPU
		{7C875959-9DA5-49C7-83F7-BFD9E2F40F64}.Production|Any CPU.Build.0 = Local|Any CPU
		{7C875959-9DA5-49C7-83F7-BFD9E2F40F64}.Release|Any CPU.ActiveCfg = Release|Any CPU
		{7C875959-9DA5-49C7-83F7-BFD9E2F40F64}.Release|Any CPU.Build.0 = Release|Any CPU
		{FE158369-3039-4701-A92B-257B3FA4722F}.Local|Any CPU.ActiveCfg = Local|Any CPU
		{FE158369-3039-4701-A92B-257B3FA4722F}.Local|Any CPU.Build.0 = Local|Any CPU
		{FE158369-3039-4701-A92B-257B3FA4722F}.Debug|Any CPU.ActiveCfg = Debug|Any CPU
		{FE158369-3039-4701-A92B-257B3FA4722F}.Debug|Any CPU.Build.0 = Debug|Any CPU
		{FE158369-3039-4701-A92B-257B3FA4722F}.Testing|Any CPU.ActiveCfg = Testing|Any CPU
		{FE158369-3039-4701-A92B-257B3FA4722F}.Testing|Any CPU.Build.0 = Testing|Any CPU
		{FE158369-3039-4701-A92B-257B3FA4722F}.Staging|Any CPU.ActiveCfg = Staging|Any CPU
		{FE158369-3039-4701-A92B-257B3FA4722F}.Staging|Any CPU.Build.0 = Staging|Any CPU
		{FE158369-3039-4701-A92B-257B3FA4722F}.Production|Any CPU.ActiveCfg = Local|Any CPU
		{FE158369-3039-4701-A92B-257B3FA4722F}.Production|Any CPU.Build.0 = Local|Any CPU
		{FE158369-3039-4701-A92B-257B3FA4722F}.Release|Any CPU.ActiveCfg = Release|Any CPU
		{FE158369-3039-4701-A92B-257B3FA4722F}.Release|Any CPU.Build.0 = Release|Any CPU
	EndGlobalSection
	GlobalSection(SolutionProperties) = preSolution
		HideSolutionNode = FALSE
	EndGlobalSection
	GlobalSection(ExtensibilityGlobals) = postSolution
		SolutionGuid = {CC067769-267A-4895-8888-516F175DF912}
	EndGlobalSection
EndGlobal
