Microsoft Visual Studio Solution File, Format Version 12.00
# 
Project("{2150E333-8FDC-42A3-9474-1A3956D46DE8}") = "Solution Items", "Solution Items", "{B283EBC2-E01F-412D-9339-FD56EF114549}"
	ProjectSection(SolutionItems) = preProject
		..\..\..\..\Packages\Versions.Local.props = ..\..\..\..\Packages\Versions.Local.props
	EndProjectSection
EndProject
Project("{FAE04EC0-301F-11D3-BF4B-00C04F79EFBC}") = "Dgmjr.EntityFrameworkCore.Abstractions", "Dgmjr.EntityFrameworkCore.Abstractions.csproj", "{A454FE5B-2010-4286-809D-06AC75816283}"
EndProject
Global
	GlobalSection(SolutionConfigurationPlatforms) = preSolution
		Local|Any CPU = Local|Any CPU
		Debug|Any CPU = Debug|Any CPU
		Testing|Any CPU = Testing|Any CPU
		Staging|Any CPU = Staging|Any CPU
		Production|Any CPU = Production|Any CPU
		Release|Any CPU = Release|Any CPU
	EndGlobalSection
	GlobalSection(ProjectConfigurationPlatforms) = postSolution
		{A454FE5B-2010-4286-809D-06AC75816283}.Local|Any CPU.ActiveCfg = Local|Any CPU
		{A454FE5B-2010-4286-809D-06AC75816283}.Local|Any CPU.Build.0 = Local|Any CPU
		{A454FE5B-2010-4286-809D-06AC75816283}.Debug|Any CPU.ActiveCfg = Debug|Any CPU
		{A454FE5B-2010-4286-809D-06AC75816283}.Debug|Any CPU.Build.0 = Debug|Any CPU
		{A454FE5B-2010-4286-809D-06AC75816283}.Testing|Any CPU.ActiveCfg = Testing|Any CPU
		{A454FE5B-2010-4286-809D-06AC75816283}.Testing|Any CPU.Build.0 = Testing|Any CPU
		{A454FE5B-2010-4286-809D-06AC75816283}.Staging|Any CPU.ActiveCfg = Staging|Any CPU
		{A454FE5B-2010-4286-809D-06AC75816283}.Staging|Any CPU.Build.0 = Staging|Any CPU
		{A454FE5B-2010-4286-809D-06AC75816283}.Production|Any CPU.ActiveCfg = Local|Any CPU
		{A454FE5B-2010-4286-809D-06AC75816283}.Production|Any CPU.Build.0 = Local|Any CPU
		{A454FE5B-2010-4286-809D-06AC75816283}.Release|Any CPU.ActiveCfg = Release|Any CPU
		{A454FE5B-2010-4286-809D-06AC75816283}.Release|Any CPU.Build.0 = Release|Any CPU
	EndGlobalSection
	GlobalSection(SolutionProperties) = preSolution
		HideSolutionNode = FALSE
	EndGlobalSection
	GlobalSection(ExtensibilityGlobals) = postSolution
		SolutionGuid = {D02064E0-CEB2-404D-A437-3BA4C72E22CC}
	EndGlobalSection
EndGlobal
